
Microsoft Visual Studio Solution File, Format Version 12.00
# Visual Studio Version 17
VisualStudioVersion = 17.5.33627.172
MinimumVisualStudioVersion = 10.0.40219.1
Project("{FAE04EC0-301F-11D3-BF4B-00C04F79EFBC}") = "2. Add-Two-Numbers", "2. Add-Two-Numbers.csproj", "{EA2A990C-DA63-414D-A5AE-AB348577DE6C}"
EndProject
Global
	GlobalSection(SolutionConfigurationPlatforms) = preSolution
		Debug|Any CPU = Debug|Any CPU
		Release|Any CPU = Release|Any CPU
	EndGlobalSection
	GlobalSection(ProjectConfigurationPlatforms) = postSolution
		{EA2A990C-DA63-414D-A5AE-AB348577DE6C}.Debug|Any CPU.ActiveCfg = Debug|Any CPU
		{EA2A990C-DA63-414D-A5AE-AB348577DE6C}.Debug|Any CPU.Build.0 = Debug|Any CPU
		{EA2A990C-DA63-414D-A5AE-AB348577DE6C}.Release|Any CPU.ActiveCfg = Release|Any CPU
		{EA2A990C-DA63-414D-A5AE-AB348577DE6C}.Release|Any CPU.Build.0 = Release|Any CPU
	EndGlobalSection
	GlobalSection(SolutionProperties) = preSolution
		HideSolutionNode = FALSE
	EndGlobalSection
	GlobalSection(ExtensibilityGlobals) = postSolution
		SolutionGuid = {2A09AE41-CF08-46C8-B1A0-0B8F366BC885}
	EndGlobalSection
EndGlobal
